
Microsoft Visual Studio Solution File, Format Version 12.00
# Visual Studio 15
VisualStudioVersion = 15.0.27703.2035
MinimumVisualStudioVersion = 10.0.40219.1
Project("{FAE04EC0-301F-11D3-BF4B-00C04F79EFBC}") = "DrivingLicenceForms", "DrivingLicenceForms\DrivingLicenceForms.csproj", "{7F23848B-7E66-4497-A657-ACF2129399E2}"
EndProject
Project("{FAE04EC0-301F-11D3-BF4B-00C04F79EFBC}") = "DrivingLicencePCL", "DrivingLicencePCL\DrivingLicencePCL.csproj", "{875A3425-5F74-43E7-98D6-8D569B47CB51}"
EndProject
Project("{FAE04EC0-301F-11D3-BF4B-00C04F79EFBC}") = "DrivingLicenceServerPCL", "DrivingLicenceServerPCL\DrivingLicenceServerPCL.csproj", "{AF704C2E-088F-457F-9DCA-5814D33381E2}"
EndProject
Global
	GlobalSection(SolutionConfigurationPlatforms) = preSolution
		Debug|Any CPU = Debug|Any CPU
		Release|Any CPU = Release|Any CPU
	EndGlobalSection
	GlobalSection(ProjectConfigurationPlatforms) = postSolution
		{7F23848B-7E66-4497-A657-ACF2129399E2}.Debug|Any CPU.ActiveCfg = Debug|Any CPU
		{7F23848B-7E66-4497-A657-ACF2129399E2}.Debug|Any CPU.Build.0 = Debug|Any CPU
		{7F23848B-7E66-4497-A657-ACF2129399E2}.Release|Any CPU.ActiveCfg = Release|Any CPU
		{7F23848B-7E66-4497-A657-ACF2129399E2}.Release|Any CPU.Build.0 = Release|Any CPU
		{875A3425-5F74-43E7-98D6-8D569B47CB51}.Debug|Any CPU.ActiveCfg = Debug|Any CPU
		{875A3425-5F74-43E7-98D6-8D569B47CB51}.Debug|Any CPU.Build.0 = Debug|Any CPU
		{875A3425-5F74-43E7-98D6-8D569B47CB51}.Release|Any CPU.ActiveCfg = Release|Any CPU
		{875A3425-5F74-43E7-98D6-8D569B47CB51}.Release|Any CPU.Build.0 = Release|Any CPU
		{AF704C2E-088F-457F-9DCA-5814D33381E2}.Debug|Any CPU.ActiveCfg = Debug|Any CPU
		{AF704C2E-088F-457F-9DCA-5814D33381E2}.Debug|Any CPU.Build.0 = Debug|Any CPU
		{AF704C2E-088F-457F-9DCA-5814D33381E2}.Release|Any CPU.ActiveCfg = Release|Any CPU
		{AF704C2E-088F-457F-9DCA-5814D33381E2}.Release|Any CPU.Build.0 = Release|Any CPU
	EndGlobalSection
	GlobalSection(SolutionProperties) = preSolution
		HideSolutionNode = FALSE
	EndGlobalSection
	GlobalSection(ExtensibilityGlobals) = postSolution
		SolutionGuid = {0B0D00E3-C0CA-4C07-81C1-6C2482987A9E}
	EndGlobalSection
EndGlobal
